
Microsoft Visual Studio Solution File, Format Version 12.00
# Visual Studio Version 17
VisualStudioVersion = 17.7.34031.279
MinimumVisualStudioVersion = 10.0.40219.1
Project("{9A19103F-16F7-4668-BE54-9A1E7A4F7556}") = "projekt01UI_E03", "projekt01UI_E03.csproj", "{C6D41B75-3BBD-4AF9-A18C-DB3026704147}"
EndProject
Project("{FAE04EC0-301F-11D3-BF4B-00C04F79EFBC}") = "projekt01UI_E03.Core", "..\projekt01UI_E03.Core\projekt01UI_E03.Core.csproj", "{42A26289-896D-4DF9-BC89-4B76486BBC3E}"
EndProject
Project("{FAE04EC0-301F-11D3-BF4B-00C04F79EFBC}") = "projekt01UI_E03.Shared", "..\projekt01UI_E03.Shared\projekt01UI_E03.Shared.csproj", "{09309A92-43D9-442E-8988-4C52BF2F7204}"
EndProject
Global
	GlobalSection(SolutionConfigurationPlatforms) = preSolution
		Debug|Any CPU = Debug|Any CPU
		Release|Any CPU = Release|Any CPU
	EndGlobalSection
	GlobalSection(ProjectConfigurationPlatforms) = postSolution
		{C6D41B75-3BBD-4AF9-A18C-DB3026704147}.Debug|Any CPU.ActiveCfg = Debug|Any CPU
		{C6D41B75-3BBD-4AF9-A18C-DB3026704147}.Debug|Any CPU.Build.0 = Debug|Any CPU
		{C6D41B75-3BBD-4AF9-A18C-DB3026704147}.Release|Any CPU.ActiveCfg = Release|Any CPU
		{C6D41B75-3BBD-4AF9-A18C-DB3026704147}.Release|Any CPU.Build.0 = Release|Any CPU
		{42A26289-896D-4DF9-BC89-4B76486BBC3E}.Debug|Any CPU.ActiveCfg = Debug|Any CPU
		{42A26289-896D-4DF9-BC89-4B76486BBC3E}.Debug|Any CPU.Build.0 = Debug|Any CPU
		{42A26289-896D-4DF9-BC89-4B76486BBC3E}.Release|Any CPU.ActiveCfg = Release|Any CPU
		{42A26289-896D-4DF9-BC89-4B76486BBC3E}.Release|Any CPU.Build.0 = Release|Any CPU
		{09309A92-43D9-442E-8988-4C52BF2F7204}.Debug|Any CPU.ActiveCfg = Debug|Any CPU
		{09309A92-43D9-442E-8988-4C52BF2F7204}.Debug|Any CPU.Build.0 = Debug|Any CPU
		{09309A92-43D9-442E-8988-4C52BF2F7204}.Release|Any CPU.ActiveCfg = Release|Any CPU
		{09309A92-43D9-442E-8988-4C52BF2F7204}.Release|Any CPU.Build.0 = Release|Any CPU
	EndGlobalSection
	GlobalSection(SolutionProperties) = preSolution
		HideSolutionNode = FALSE
	EndGlobalSection
	GlobalSection(ExtensibilityGlobals) = postSolution
		SolutionGuid = {301DF29D-2516-4774-9379-4A70CAD305FF}
	EndGlobalSection
EndGlobal
